
Microsoft Visual Studio Solution File, Format Version 12.00
# Visual Studio Version 16
VisualStudioVersion = 16.0.30907.101
MinimumVisualStudioVersion = 10.0.40219.1
Project("{FAE04EC0-301F-11D3-BF4B-00C04F79EFBC}") = "Pac Man", "Pac Man\Pac Man.csproj", "{4D61C0DE-994C-45B4-8893-922A6361261A}"
EndProject
Global
	GlobalSection(SolutionConfigurationPlatforms) = preSolution
		Debug|Any CPU = Debug|Any CPU
		Release|Any CPU = Release|Any CPU
	EndGlobalSection
	GlobalSection(ProjectConfigurationPlatforms) = postSolution
		{4D61C0DE-994C-45B4-8893-922A6361261A}.Debug|Any CPU.ActiveCfg = Debug|Any CPU
		{4D61C0DE-994C-45B4-8893-922A6361261A}.Debug|Any CPU.Build.0 = Debug|Any CPU
		{4D61C0DE-994C-45B4-8893-922A6361261A}.Release|Any CPU.ActiveCfg = Release|Any CPU
		{4D61C0DE-994C-45B4-8893-922A6361261A}.Release|Any CPU.Build.0 = Release|Any CPU
	EndGlobalSection
	GlobalSection(SolutionProperties) = preSolution
		HideSolutionNode = FALSE
	EndGlobalSection
	GlobalSection(ExtensibilityGlobals) = postSolution
		SolutionGuid = {C0358C3F-82AD-43DF-A57E-B5DFC95AB5DD}
	EndGlobalSection
EndGlobal
